// !$*UTF8*$!
{
	archiveVersion = 1;
	classes = {
	};
	objectVersion = 46;
	objects = {

/* Begin PBXBuildFile section */
		9A3AC95B19C75D3200B1EA92 /* Foundation.framework in Frameworks */ = {isa = PBXBuildFile; fileRef = 9A3AC95A19C75D3200B1EA92 /* Foundation.framework */; };
		9A3AC95D19C75D3200B1EA92 /* CoreGraphics.framework in Frameworks */ = {isa = PBXBuildFile; fileRef = 9A3AC95C19C75D3200B1EA92 /* CoreGraphics.framework */; };
		9A3AC95F19C75D3200B1EA92 /* UIKit.framework in Frameworks */ = {isa = PBXBuildFile; fileRef = 9A3AC95E19C75D3200B1EA92 /* UIKit.framework */; };
		9A3AC96519C75D3200B1EA92 /* InfoPlist.strings in Resources */ = {isa = PBXBuildFile; fileRef = 9A3AC96319C75D3200B1EA92 /* InfoPlist.strings */; };
		9A3AC96719C75D3200B1EA92 /* main.m in Sources */ = {isa = PBXBuildFile; fileRef = 9A3AC96619C75D3200B1EA92 /* main.m */; };
		9A3AC96B19C75D3200B1EA92 /* UDCAppDelegate.m in Sources */ = {isa = PBXBuildFile; fileRef = 9A3AC96A19C75D3200B1EA92 /* UDCAppDelegate.m */; };
		9A3AC96E19C75D3200B1EA92 /* Main.storyboard in Resources */ = {isa = PBXBuildFile; fileRef = 9A3AC96C19C75D3200B1EA92 /* Main.storyboard */; };
		9A3AC97119C75D3200B1EA92 /* UDCViewController.m in Sources */ = {isa = PBXBuildFile; fileRef = 9A3AC97019C75D3200B1EA92 /* UDCViewController.m */; };
		9A3AC97319C75D3200B1EA92 /* Images.xcassets in Resources */ = {isa = PBXBuildFile; fileRef = 9A3AC97219C75D3200B1EA92 /* Images.xcassets */; };
		9A3AC97A19C75D3200B1EA92 /* XCTest.framework in Frameworks */ = {isa = PBXBuildFile; fileRef = 9A3AC97919C75D3200B1EA92 /* XCTest.framework */; };
		9A3AC97B19C75D3200B1EA92 /* Foundation.framework in Frameworks */ = {isa = PBXBuildFile; fileRef = 9A3AC95A19C75D3200B1EA92 /* Foundation.framework */; };
		9A3AC97C19C75D3200B1EA92 /* UIKit.framework in Frameworks */ = {isa = PBXBuildFile; fileRef = 9A3AC95E19C75D3200B1EA92 /* UIKit.framework */; };
		9A3AC98419C75D3200B1EA92 /* InfoPlist.strings in Resources */ = {isa = PBXBuildFile; fileRef = 9A3AC98219C75D3200B1EA92 /* InfoPlist.strings */; };
		9A3AC98619C75D3200B1EA92 /* User_Data_ChallengeTests.m in Sources */ = {isa = PBXBuildFile; fileRef = 9A3AC98519C75D3200B1EA92 /* User_Data_ChallengeTests.m */; };
		9A3AC99119C75DEB00B1EA92 /* UDCUserData.m in Sources */ = {isa = PBXBuildFile; fileRef = 9A3AC99019C75DEB00B1EA92 /* UDCUserData.m */; };
		9A3AC99619C7623E00B1EA92 /* person1.jpeg in Resources */ = {isa = PBXBuildFile; fileRef = 9A3AC99219C7623E00B1EA92 /* person1.jpeg */; };
		9A3AC99719C7623E00B1EA92 /* person2.jpeg in Resources */ = {isa = PBXBuildFile; fileRef = 9A3AC99319C7623E00B1EA92 /* person2.jpeg */; };
		9A3AC99819C7623E00B1EA92 /* person3.jpg in Resources */ = {isa = PBXBuildFile; fileRef = 9A3AC99419C7623E00B1EA92 /* person3.jpg */; };
		9A3AC99919C7623E00B1EA92 /* person4.jpeg in Resources */ = {isa = PBXBuildFile; fileRef = 9A3AC99519C7623E00B1EA92 /* person4.jpeg */; };
/* End PBXBuildFile section */

/* Begin PBXContainerItemProxy section */
		9A3AC97D19C75D3200B1EA92 /* PBXContainerItemProxy */ = {
			isa = PBXContainerItemProxy;
			containerPortal = 9A3AC94F19C75D3200B1EA92 /* Project object */;
			proxyType = 1;
			remoteGlobalIDString = 9A3AC95619C75D3200B1EA92;
			remoteInfo = "User Data Challenge";
		};
/* End PBXContainerItemProxy section */

/* Begin PBXFileReference section */
		9A3AC95719C75D3200B1EA92 /* User Data Challenge.app */ = {isa = PBXFileReference; explicitFileType = wrapper.application; includeInIndex = 0; path = "User Data Challenge.app"; sourceTree = BUILT_PRODUCTS_DIR; };
		9A3AC95A19C75D3200B1EA92 /* Foundation.framework */ = {isa = PBXFileReference; lastKnownFileType = wrapper.framework; name = Foundation.framework; path = System/Library/Frameworks/Foundation.framework; sourceTree = SDKROOT; };
		9A3AC95C19C75D3200B1EA92 /* CoreGraphics.framework */ = {isa = PBXFileReference; lastKnownFileType = wrapper.framework; name = CoreGraphics.framework; path = System/Library/Frameworks/CoreGraphics.framework; sourceTree = SDKROOT; };
		9A3AC95E19C75D3200B1EA92 /* UIKit.framework */ = {isa = PBXFileReference; lastKnownFileType = wrapper.framework; name = UIKit.framework; path = System/Library/Frameworks/UIKit.framework; sourceTree = SDKROOT; };
		9A3AC96219C75D3200B1EA92 /* User Data Challenge-Info.plist */ = {isa = PBXFileReference; lastKnownFileType = text.plist.xml; path = "User Data Challenge-Info.plist"; sourceTree = "<group>"; };
		9A3AC96419C75D3200B1EA92 /* en */ = {isa = PBXFileReference; lastKnownFileType = text.plist.strings; name = en; path = en.lproj/InfoPlist.strings; sourceTree = "<group>"; };
		9A3AC96619C75D3200B1EA92 /* main.m */ = {isa = PBXFileReference; lastKnownFileType = sourcecode.c.objc; path = main.m; sourceTree = "<group>"; };
		9A3AC96819C75D3200B1EA92 /* User Data Challenge-Prefix.pch */ = {isa = PBXFileReference; lastKnownFileType = sourcecode.c.h; path = "User Data Challenge-Prefix.pch"; sourceTree = "<group>"; };
		9A3AC96919C75D3200B1EA92 /* UDCAppDelegate.h */ = {isa = PBXFileReference; lastKnownFileType = sourcecode.c.h; path = UDCAppDelegate.h; sourceTree = "<group>"; };
		9A3AC96A19C75D3200B1EA92 /* UDCAppDelegate.m */ = {isa = PBXFileReference; lastKnownFileType = sourcecode.c.objc; path = UDCAppDelegate.m; sourceTree = "<group>"; };
		9A3AC96D19C75D3200B1EA92 /* Base */ = {isa = PBXFileReference; lastKnownFileType = file.storyboard; name = Base; path = Base.lproj/Main.storyboard; sourceTree = "<group>"; };
		9A3AC96F19C75D3200B1EA92 /* UDCViewController.h */ = {isa = PBXFileReference; lastKnownFileType = sourcecode.c.h; path = UDCViewController.h; sourceTree = "<group>"; };
		9A3AC97019C75D3200B1EA92 /* UDCViewController.m */ = {isa = PBXFileReference; lastKnownFileType = sourcecode.c.objc; path = UDCViewController.m; sourceTree = "<group>"; };
		9A3AC97219C75D3200B1EA92 /* Images.xcassets */ = {isa = PBXFileReference; lastKnownFileType = folder.assetcatalog; path = Images.xcassets; sourceTree = "<group>"; };
		9A3AC97819C75D3200B1EA92 /* User Data ChallengeTests.xctest */ = {isa = PBXFileReference; explicitFileType = wrapper.cfbundle; includeInIndex = 0; path = "User Data ChallengeTests.xctest"; sourceTree = BUILT_PRODUCTS_DIR; };
		9A3AC97919C75D3200B1EA92 /* XCTest.framework */ = {isa = PBXFileReference; lastKnownFileType = wrapper.framework; name = XCTest.framework; path = Library/Frameworks/XCTest.framework; sourceTree = DEVELOPER_DIR; };
		9A3AC98119C75D3200B1EA92 /* User Data ChallengeTests-Info.plist */ = {isa = PBXFileReference; lastKnownFileType = text.plist.xml; path = "User Data ChallengeTests-Info.plist"; sourceTree = "<group>"; };
		9A3AC98319C75D3200B1EA92 /* en */ = {isa = PBXFileReference; lastKnownFileType = text.plist.strings; name = en; path = en.lproj/InfoPlist.strings; sourceTree = "<group>"; };
		9A3AC98519C75D3200B1EA92 /* User_Data_ChallengeTests.m */ = {isa = PBXFileReference; lastKnownFileType = sourcecode.c.objc; path = User_Data_ChallengeTests.m; sourceTree = "<group>"; };
		9A3AC98F19C75DEB00B1EA92 /* UDCUserData.h */ = {isa = PBXFileReference; fileEncoding = 4; lastKnownFileType = sourcecode.c.h; name = UDCUserData.h; path = ../UDCUserData.h; sourceTree = "<group>"; };
		9A3AC99019C75DEB00B1EA92 /* UDCUserData.m */ = {isa = PBXFileReference; fileEncoding = 4; lastKnownFileType = sourcecode.c.objc; name = UDCUserData.m; path = ../UDCUserData.m; sourceTree = "<group>"; };
		9A3AC99219C7623E00B1EA92 /* person1.jpeg */ = {isa = PBXFileReference; lastKnownFileType = image.jpeg; path = person1.jpeg; sourceTree = "<group>"; };
		9A3AC99319C7623E00B1EA92 /* person2.jpeg */ = {isa = PBXFileReference; lastKnownFileType = image.jpeg; path = person2.jpeg; sourceTree = "<group>"; };
		9A3AC99419C7623E00B1EA92 /* person3.jpg */ = {isa = PBXFileReference; lastKnownFileType = image.jpeg; path = person3.jpg; sourceTree = "<group>"; };
		9A3AC99519C7623E00B1EA92 /* person4.jpeg */ = {isa = PBXFileReference; lastKnownFileType = image.jpeg; path = person4.jpeg; sourceTree = "<group>"; };
/* End PBXFileReference section */

/* Begin PBXFrameworksBuildPhase section */
		9A3AC95419C75D3200B1EA92 /* Frameworks */ = {
			isa = PBXFrameworksBuildPhase;
			buildActionMask = 2147483647;
			files = (
				9A3AC95D19C75D3200B1EA92 /* CoreGraphics.framework in Frameworks */,
				9A3AC95F19C75D3200B1EA92 /* UIKit.framework in Frameworks */,
				9A3AC95B19C75D3200B1EA92 /* Foundation.framework in Frameworks */,
			);
			runOnlyForDeploymentPostprocessing = 0;
		};
		9A3AC97519C75D3200B1EA92 /* Frameworks */ = {
			isa = PBXFrameworksBuildPhase;
			buildActionMask = 2147483647;
			files = (
				9A3AC97A19C75D3200B1EA92 /* XCTest.framework in Frameworks */,
				9A3AC97C19C75D3200B1EA92 /* UIKit.framework in Frameworks */,
				9A3AC97B19C75D3200B1EA92 /* Foundation.framework in Frameworks */,
			);
			runOnlyForDeploymentPostprocessing = 0;
		};
/* End PBXFrameworksBuildPhase section */

/* Begin PBXGroup section */
		9A3AC94E19C75D3200B1EA92 = {
			isa = PBXGroup;
			children = (
				9A3AC96019C75D3200B1EA92 /* User Data Challenge */,
				9A3AC97F19C75D3200B1EA92 /* User Data ChallengeTests */,
				9A3AC95919C75D3200B1EA92 /* Frameworks */,
				9A3AC95819C75D3200B1EA92 /* Products */,
			);
			sourceTree = "<group>";
		};
		9A3AC95819C75D3200B1EA92 /* Products */ = {
			isa = PBXGroup;
			children = (
				9A3AC95719C75D3200B1EA92 /* User Data Challenge.app */,
				9A3AC97819C75D3200B1EA92 /* User Data ChallengeTests.xctest */,
			);
			name = Products;
			sourceTree = "<group>";
		};
		9A3AC95919C75D3200B1EA92 /* Frameworks */ = {
			isa = PBXGroup;
			children = (
				9A3AC95A19C75D3200B1EA92 /* Foundation.framework */,
				9A3AC95C19C75D3200B1EA92 /* CoreGraphics.framework */,
				9A3AC95E19C75D3200B1EA92 /* UIKit.framework */,
				9A3AC97919C75D3200B1EA92 /* XCTest.framework */,
			);
			name = Frameworks;
			sourceTree = "<group>";
		};
		9A3AC96019C75D3200B1EA92 /* User Data Challenge */ = {
			isa = PBXGroup;
			children = (
				9A3AC96919C75D3200B1EA92 /* UDCAppDelegate.h */,
				9A3AC96A19C75D3200B1EA92 /* UDCAppDelegate.m */,
				9A3AC96C19C75D3200B1EA92 /* Main.storyboard */,
				9A3AC96F19C75D3200B1EA92 /* UDCViewController.h */,
				9A3AC97019C75D3200B1EA92 /* UDCViewController.m */,
				9A3AC99A19C762D900B1EA92 /* Model */,
				9A3AC97219C75D3200B1EA92 /* Images.xcassets */,
				9A3AC96119C75D3200B1EA92 /* Supporting Files */,
			);
			path = "User Data Challenge";
			sourceTree = "<group>";
		};
		9A3AC96119C75D3200B1EA92 /* Supporting Files */ = {
			isa = PBXGroup;
			children = (
				9A3AC99219C7623E00B1EA92 /* person1.jpeg */,
				9A3AC99319C7623E00B1EA92 /* person2.jpeg */,
				9A3AC99419C7623E00B1EA92 /* person3.jpg */,
				9A3AC99519C7623E00B1EA92 /* person4.jpeg */,
				9A3AC96219C75D3200B1EA92 /* User Data Challenge-Info.plist */,
				9A3AC96319C75D3200B1EA92 /* InfoPlist.strings */,
				9A3AC96619C75D3200B1EA92 /* main.m */,
				9A3AC96819C75D3200B1EA92 /* User Data Challenge-Prefix.pch */,
			);
			name = "Supporting Files";
			sourceTree = "<group>";
		};
		9A3AC97F19C75D3200B1EA92 /* User Data ChallengeTests */ = {
			isa = PBXGroup;
			children = (
				9A3AC98519C75D3200B1EA92 /* User_Data_ChallengeTests.m */,
				9A3AC98019C75D3200B1EA92 /* Supporting Files */,
			);
			path = "User Data ChallengeTests";
			sourceTree = "<group>";
		};
		9A3AC98019C75D3200B1EA92 /* Supporting Files */ = {
			isa = PBXGroup;
			children = (
				9A3AC98119C75D3200B1EA92 /* User Data ChallengeTests-Info.plist */,
				9A3AC98219C75D3200B1EA92 /* InfoPlist.strings */,
			);
			name = "Supporting Files";
			sourceTree = "<group>";
		};
		9A3AC99A19C762D900B1EA92 /* Model */ = {
			isa = PBXGroup;
			children = (
				9A3AC98F19C75DEB00B1EA92 /* UDCUserData.h */,
				9A3AC99019C75DEB00B1EA92 /* UDCUserData.m */,
			);
			name = Model;
			sourceTree = "<group>";
		};
/* End PBXGroup section */

/* Begin PBXNativeTarget section */
		9A3AC95619C75D3200B1EA92 /* User Data Challenge */ = {
			isa = PBXNativeTarget;
			buildConfigurationList = 9A3AC98919C75D3200B1EA92 /* Build configuration list for PBXNativeTarget "User Data Challenge" */;
			buildPhases = (
				9A3AC95319C75D3200B1EA92 /* Sources */,
				9A3AC95419C75D3200B1EA92 /* Frameworks */,
				9A3AC95519C75D3200B1EA92 /* Resources */,
			);
			buildRules = (
			);
			dependencies = (
			);
			name = "User Data Challenge";
			productName = "User Data Challenge";
			productReference = 9A3AC95719C75D3200B1EA92 /* User Data Challenge.app */;
			productType = "com.apple.product-type.application";
		};
		9A3AC97719C75D3200B1EA92 /* User Data ChallengeTests */ = {
			isa = PBXNativeTarget;
			buildConfigurationList = 9A3AC98C19C75D3200B1EA92 /* Build configuration list for PBXNativeTarget "User Data ChallengeTests" */;
			buildPhases = (
				9A3AC97419C75D3200B1EA92 /* Sources */,
				9A3AC97519C75D3200B1EA92 /* Frameworks */,
				9A3AC97619C75D3200B1EA92 /* Resources */,
			);
			buildRules = (
			);
			dependencies = (
				9A3AC97E19C75D3200B1EA92 /* PBXTargetDependency */,
			);
			name = "User Data ChallengeTests";
			productName = "User Data ChallengeTests";
			productReference = 9A3AC97819C75D3200B1EA92 /* User Data ChallengeTests.xctest */;
			productType = "com.apple.product-type.bundle.unit-test";
		};
/* End PBXNativeTarget section */

/* Begin PBXProject section */
		9A3AC94F19C75D3200B1EA92 /* Project object */ = {
			isa = PBXProject;
			attributes = {
				CLASSPREFIX = UDC;
				LastUpgradeCheck = 0510;
				ORGANIZATIONNAME = "Jose Manuel Ramírez Martínez";
				TargetAttributes = {
					9A3AC97719C75D3200B1EA92 = {
						TestTargetID = 9A3AC95619C75D3200B1EA92;
					};
				};
			};
			buildConfigurationList = 9A3AC95219C75D3200B1EA92 /* Build configuration list for PBXProject "User Data Challenge" */;
			compatibilityVersion = "Xcode 3.2";
			developmentRegion = English;
			hasScannedForEncodings = 0;
			knownRegions = (
				en,
				Base,
			);
			mainGroup = 9A3AC94E19C75D3200B1EA92;
			productRefGroup = 9A3AC95819C75D3200B1EA92 /* Products */;
			projectDirPath = "";
			projectRoot = "";
			targets = (
				9A3AC95619C75D3200B1EA92 /* User Data Challenge */,
				9A3AC97719C75D3200B1EA92 /* User Data ChallengeTests */,
			);
		};
/* End PBXProject section */

/* Begin PBXResourcesBuildPhase section */
		9A3AC95519C75D3200B1EA92 /* Resources */ = {
			isa = PBXResourcesBuildPhase;
			buildActionMask = 2147483647;
			files = (
				9A3AC99819C7623E00B1EA92 /* person3.jpg in Resources */,
				9A3AC99619C7623E00B1EA92 /* person1.jpeg in Resources */,
				9A3AC97319C75D3200B1EA92 /* Images.xcassets in Resources */,
				9A3AC96519C75D3200B1EA92 /* InfoPlist.strings in Resources */,
				9A3AC99919C7623E00B1EA92 /* person4.jpeg in Resources */,
				9A3AC96E19C75D3200B1EA92 /* Main.storyboard in Resources */,
				9A3AC99719C7623E00B1EA92 /* person2.jpeg in Resources */,
			);
			runOnlyForDeploymentPostprocessing = 0;
		};
		9A3AC97619C75D3200B1EA92 /* Resources */ = {
			isa = PBXResourcesBuildPhase;
			buildActionMask = 2147483647;
			files = (
				9A3AC98419C75D3200B1EA92 /* InfoPlist.strings in Resources */,
			);
			runOnlyForDeploymentPostprocessing = 0;
		};
/* End PBXResourcesBuildPhase section */

/* Begin PBXSourcesBuildPhase section */
		9A3AC95319C75D3200B1EA92 /* Sources */ = {
			isa = PBXSourcesBuildPhase;
			buildActionMask = 2147483647;
			files = (
				9A3AC97119C75D3200B1EA92 /* UDCViewController.m in Sources */,
				9A3AC99119C75DEB00B1EA92 /* UDCUserData.m in Sources */,
				9A3AC96719C75D3200B1EA92 /* main.m in Sources */,
				9A3AC96B19C75D3200B1EA92 /* UDCAppDelegate.m in Sources */,
			);
			runOnlyForDeploymentPostprocessing = 0;
		};
		9A3AC97419C75D3200B1EA92 /* Sources */ = {
			isa = PBXSourcesBuildPhase;
			buildActionMask = 2147483647;
			files = (
				9A3AC98619C75D3200B1EA92 /* User_Data_ChallengeTests.m in Sources */,
			);
			runOnlyForDeploymentPostprocessing = 0;
		};
/* End PBXSourcesBuildPhase section */

/* Begin PBXTargetDependency section */
		9A3AC97E19C75D3200B1EA92 /* PBXTargetDependency */ = {
			isa = PBXTargetDependency;
			target = 9A3AC95619C75D3200B1EA92 /* User Data Challenge */;
			targetProxy = 9A3AC97D19C75D3200B1EA92 /* PBXContainerItemProxy */;
		};
/* End PBXTargetDependency section */

/* Begin PBXVariantGroup section */
		9A3AC96319C75D3200B1EA92 /* InfoPlist.strings */ = {
			isa = PBXVariantGroup;
			children = (
				9A3AC96419C75D3200B1EA92 /* en */,
			);
			name = InfoPlist.strings;
			sourceTree = "<group>";
		};
		9A3AC96C19C75D3200B1EA92 /* Main.storyboard */ = {
			isa = PBXVariantGroup;
			children = (
				9A3AC96D19C75D3200B1EA92 /* Base */,
			);
			name = Main.storyboard;
			sourceTree = "<group>";
		};
		9A3AC98219C75D3200B1EA92 /* InfoPlist.strings */ = {
			isa = PBXVariantGroup;
			children = (
				9A3AC98319C75D3200B1EA92 /* en */,
			);
			name = InfoPlist.strings;
			sourceTree = "<group>";
		};
/* End PBXVariantGroup section */

/* Begin XCBuildConfiguration section */
		9A3AC98719C75D3200B1EA92 /* Debug */ = {
			isa = XCBuildConfiguration;
			buildSettings = {
				ALWAYS_SEARCH_USER_PATHS = NO;
				CLANG_CXX_LANGUAGE_STANDARD = "gnu++0x";
				CLANG_CXX_LIBRARY = "libc++";
				CLANG_ENABLE_MODULES = YES;
				CLANG_ENABLE_OBJC_ARC = YES;
				CLANG_WARN_BOOL_CONVERSION = YES;
				CLANG_WARN_CONSTANT_CONVERSION = YES;
				CLANG_WARN_DIRECT_OBJC_ISA_USAGE = YES_ERROR;
				CLANG_WARN_EMPTY_BODY = YES;
				CLANG_WARN_ENUM_CONVERSION = YES;
				CLANG_WARN_INT_CONVERSION = YES;
				CLANG_WARN_OBJC_ROOT_CLASS = YES_ERROR;
				CLANG_WARN__DUPLICATE_METHOD_MATCH = YES;
				"CODE_SIGN_IDENTITY[sdk=iphoneos*]" = "iPhone Developer";
				COPY_PHASE_STRIP = NO;
				GCC_C_LANGUAGE_STANDARD = gnu99;
				GCC_DYNAMIC_NO_PIC = NO;
				GCC_OPTIMIZATION_LEVEL = 0;
				GCC_PREPROCESSOR_DEFINITIONS = (
					"DEBUG=1",
					"$(inherited)",
				);
				GCC_SYMBOLS_PRIVATE_EXTERN = NO;
				GCC_WARN_64_TO_32_BIT_CONVERSION = YES;
				GCC_WARN_ABOUT_RETURN_TYPE = YES_ERROR;
				GCC_WARN_UNDECLARED_SELECTOR = YES;
				GCC_WARN_UNINITIALIZED_AUTOS = YES_AGGRESSIVE;
				GCC_WARN_UNUSED_FUNCTION = YES;
				GCC_WARN_UNUSED_VARIABLE = YES;
				IPHONEOS_DEPLOYMENT_TARGET = 7.1;
				ONLY_ACTIVE_ARCH = YES;
				SDKROOT = iphoneos;
			};
			name = Debug;
		};
		9A3AC98819C75D3200B1EA92 /* Release */ = {
			isa = XCBuildConfiguration;
			buildSettings = {
				ALWAYS_SEARCH_USER_PATHS = NO;
				CLANG_CXX_LANGUAGE_STANDARD = "gnu++0x";
				CLANG_CXX_LIBRARY = "libc++";
				CLANG_ENABLE_MODULES = YES;
				CLANG_ENABLE_OBJC_ARC = YES;
				CLANG_WARN_BOOL_CONVERSION = YES;
				CLANG_WARN_CONSTANT_CONVERSION = YES;
				CLANG_WARN_DIRECT_OBJC_ISA_USAGE = YES_ERROR;
				CLANG_WARN_EMPTY_BODY = YES;
				CLANG_WARN_ENUM_CONVERSION = YES;
				CLANG_WARN_INT_CONVERSION = YES;
				CLANG_WARN_OBJC_ROOT_CLASS = YES_ERROR;
				CLANG_WARN__DUPLICATE_METHOD_MATCH = YES;
				"CODE_SIGN_IDENTITY[sdk=iphoneos*]" = "iPhone Developer";
				COPY_PHASE_STRIP = YES;
				ENABLE_NS_ASSERTIONS = NO;
				GCC_C_LANGUAGE_STANDARD = gnu99;
				GCC_WARN_64_TO_32_BIT_CONVERSION = YES;
				GCC_WARN_ABOUT_RETURN_TYPE = YES_ERROR;
				GCC_WARN_UNDECLARED_SELECTOR = YES;
				GCC_WARN_UNINITIALIZED_AUTOS = YES_AGGRESSIVE;
				GCC_WARN_UNUSED_FUNCTION = YES;
				GCC_WARN_UNUSED_VARIABLE = YES;
				IPHONEOS_DEPLOYMENT_TARGET = 7.1;
				SDKROOT = iphoneos;
				VALIDATE_PRODUCT = YES;
			};
			name = Release;
		};
		9A3AC98A19C75D3200B1EA92 /* Debug */ = {
			isa = XCBuildConfiguration;
			buildSettings = {
				ASSETCATALOG_COMPILER_APPICON_NAME = AppIcon;
				ASSETCATALOG_COMPILER_LAUNCHIMAGE_NAME = LaunchImage;
				GCC_PRECOMPILE_PREFIX_HEADER = YES;
				GCC_PREFIX_HEADER = "User Data Challenge/User Data Challenge-Prefix.pch";
				INFOPLIST_FILE = "User Data Challenge/User Data Challenge-Info.plist";
				PRODUCT_NAME = "$(TARGET_NAME)";
				WRAPPER_EXTENSION = app;
			};
			name = Debug;
		};
		9A3AC98B19C75D3200B1EA92 /* Release */ = {
			isa = XCBuildConfiguration;
			buildSettings = {
				ASSETCATALOG_COMPILER_APPICON_NAME = AppIcon;
				ASSETCATALOG_COMPILER_LAUNCHIMAGE_NAME = LaunchImage;
				GCC_PRECOMPILE_PREFIX_HEADER = YES;
				GCC_PREFIX_HEADER = "User Data Challenge/User Data Challenge-Prefix.pch";
				INFOPLIST_FILE = "User Data Challenge/User Data Challenge-Info.plist";
				PRODUCT_NAME = "$(TARGET_NAME)";
				WRAPPER_EXTENSION = app;
			};
			name = Release;
		};
		9A3AC98D19C75D3200B1EA92 /* Debug */ = {
			isa = XCBuildConfiguration;
			buildSettings = {
				BUNDLE_LOADER = "$(BUILT_PRODUCTS_DIR)/User Data Challenge.app/User Data Challenge";
				FRAMEWORK_SEARCH_PATHS = (
					"$(SDKROOT)/Developer/Library/Frameworks",
					"$(inherited)",
					"$(DEVELOPER_FRAMEWORKS_DIR)",
				);
				GCC_PRECOMPILE_PREFIX_HEADER = YES;
				GCC_PREFIX_HEADER = "User Data Challenge/User Data Challenge-Prefix.pch";
				GCC_PREPROCESSOR_DEFINITIONS = (
					"DEBUG=1",
					"$(inherited)",
				);
				INFOPLIST_FILE = "User Data ChallengeTests/User Data ChallengeTests-Info.plist";
				PRODUCT_NAME = "$(TARGET_NAME)";
				TEST_HOST = "$(BUNDLE_LOADER)";
				WRAPPER_EXTENSION = xctest;
			};
			name = Debug;
		};
		9A3AC98E19C75D3200B1EA92 /* Release */ = {
			isa = XCBuildConfiguration;
			buildSettings = {
				BUNDLE_LOADER = "$(BUILT_PRODUCTS_DIR)/User Data Challenge.app/User Data Challenge";
				FRAMEWORK_SEARCH_PATHS = (
					"$(SDKROOT)/Developer/Library/Frameworks",
					"$(inherited)",
					"$(DEVELOPER_FRAMEWORKS_DIR)",
				);
				GCC_PRECOMPILE_PREFIX_HEADER = YES;
				GCC_PREFIX_HEADER = "User Data Challenge/User Data Challenge-Prefix.pch";
				INFOPLIST_FILE = "User Data ChallengeTests/User Data ChallengeTests-Info.plist";
				PRODUCT_NAME = "$(TARGET_NAME)";
				TEST_HOST = "$(BUNDLE_LOADER)";
				WRAPPER_EXTENSION = xctest;
			};
			name = Release;
		};
/* End XCBuildConfiguration section */

/* Begin XCConfigurationList section */
		9A3AC95219C75D3200B1EA92 /* Build configuration list for PBXProject "User Data Challenge" */ = {
			isa = XCConfigurationList;
			buildConfigurations = (
				9A3AC98719C75D3200B1EA92 /* Debug */,
				9A3AC98819C75D3200B1EA92 /* Release */,
			);
			defaultConfigurationIsVisible = 0;
			defaultConfigurationName = Release;
		};
		9A3AC98919C75D3200B1EA92 /* Build configuration list for PBXNativeTarget "User Data Challenge" */ = {
			isa = XCConfigurationList;
			buildConfigurations = (
				9A3AC98A19C75D3200B1EA92 /* Debug */,
				9A3AC98B19C75D3200B1EA92 /* Release */,
			);
			defaultConfigurationIsVisible = 0;
		};
		9A3AC98C19C75D3200B1EA92 /* Build configuration list for PBXNativeTarget "User Data ChallengeTests" */ = {
			isa = XCConfigurationList;
			buildConfigurations = (
				9A3AC98D19C75D3200B1EA92 /* Debug */,
				9A3AC98E19C75D3200B1EA92 /* Release */,
			);
			defaultConfigurationIsVisible = 0;
		};
/* End XCConfigurationList section */
	};
	rootObject = 9A3AC94F19C75D3200B1EA92 /* Project object */;
}
